
Microsoft Visual Studio Solution File, Format Version 12.00
# Visual Studio 2013
VisualStudioVersion = 12.0.31101.0
MinimumVisualStudioVersion = 10.0.40219.1
Project("{FAE04EC0-301F-11D3-BF4B-00C04F79EFBC}") = "TypeMath.NeuralNetwork", "TypeMath.NeuralNetwork\TypeMath.NeuralNetwork.csproj", "{938172C0-FD0D-4692-B94B-42ED1ED03BE5}"
EndProject
Project("{2150E333-8FDC-42A3-9474-1A3956D46DE8}") = ".nuget", ".nuget", "{281C1355-877D-4178-8447-AC9AB1B25CEC}"
	ProjectSection(SolutionItems) = preProject
		.nuget\NuGet.Config = .nuget\NuGet.Config
		.nuget\NuGet.exe = .nuget\NuGet.exe
		.nuget\NuGet.targets = .nuget\NuGet.targets
	EndProjectSection
EndProject
Project("{FAE04EC0-301F-11D3-BF4B-00C04F79EFBC}") = "TypeMath.Cmd", "TypeMath.Cmd\TypeMath.Cmd.csproj", "{0EE96B38-5C37-4E0D-953F-AB97CCBF59BA}"
EndProject
Global
	GlobalSection(SolutionConfigurationPlatforms) = preSolution
		Debug|Any CPU = Debug|Any CPU
		Release|Any CPU = Release|Any CPU
	EndGlobalSection
	GlobalSection(ProjectConfigurationPlatforms) = postSolution
		{938172C0-FD0D-4692-B94B-42ED1ED03BE5}.Debug|Any CPU.ActiveCfg = Debug|Any CPU
		{938172C0-FD0D-4692-B94B-42ED1ED03BE5}.Debug|Any CPU.Build.0 = Debug|Any CPU
		{938172C0-FD0D-4692-B94B-42ED1ED03BE5}.Release|Any CPU.ActiveCfg = Release|Any CPU
		{938172C0-FD0D-4692-B94B-42ED1ED03BE5}.Release|Any CPU.Build.0 = Release|Any CPU
		{0EE96B38-5C37-4E0D-953F-AB97CCBF59BA}.Debug|Any CPU.ActiveCfg = Debug|Any CPU
		{0EE96B38-5C37-4E0D-953F-AB97CCBF59BA}.Debug|Any CPU.Build.0 = Debug|Any CPU
		{0EE96B38-5C37-4E0D-953F-AB97CCBF59BA}.Release|Any CPU.ActiveCfg = Release|Any CPU
		{0EE96B38-5C37-4E0D-953F-AB97CCBF59BA}.Release|Any CPU.Build.0 = Release|Any CPU
	EndGlobalSection
	GlobalSection(SolutionProperties) = preSolution
		HideSolutionNode = FALSE
	EndGlobalSection
EndGlobal
